// !$*UTF8*$!
{
	archiveVersion = 1;
	classes = {
	};
	objectVersion = 51;
	objects = {

/* Begin PBXBuildFile section */
		1B5FD8D376575586DB30D990 /* Pods_Spotify.framework in Frameworks */ = {isa = PBXBuildFile; fileRef = 8E1D1E60331A147D9B7F5B3E /* Pods_Spotify.framework */; };
		659A39B826E2CEB8001C61C0 /* AppDelegate.swift in Sources */ = {isa = PBXBuildFile; fileRef = 659A39B726E2CEB8001C61C0 /* AppDelegate.swift */; };
		659A39BA26E2CEB8001C61C0 /* SceneDelegate.swift in Sources */ = {isa = PBXBuildFile; fileRef = 659A39B926E2CEB8001C61C0 /* SceneDelegate.swift */; };
		659A39BC26E2CEB8001C61C0 /* HomeViewController.swift in Sources */ = {isa = PBXBuildFile; fileRef = 659A39BB26E2CEB8001C61C0 /* HomeViewController.swift */; };
		659A39C126E2CEBB001C61C0 /* Assets.xcassets in Resources */ = {isa = PBXBuildFile; fileRef = 659A39C026E2CEBB001C61C0 /* Assets.xcassets */; };
		659A39C426E2CEBB001C61C0 /* LaunchScreen.storyboard in Resources */ = {isa = PBXBuildFile; fileRef = 659A39C226E2CEBB001C61C0 /* LaunchScreen.storyboard */; };
		659A39CF26E2CEBB001C61C0 /* SpotifyTests.swift in Sources */ = {isa = PBXBuildFile; fileRef = 659A39CE26E2CEBB001C61C0 /* SpotifyTests.swift */; };
		659A39DA26E2CEBB001C61C0 /* SpotifyUITests.swift in Sources */ = {isa = PBXBuildFile; fileRef = 659A39D926E2CEBB001C61C0 /* SpotifyUITests.swift */; };
		659A39EE26E2D33F001C61C0 /* TabBarViewController.swift in Sources */ = {isa = PBXBuildFile; fileRef = 659A39ED26E2D33F001C61C0 /* TabBarViewController.swift */; };
		659A39F226E2D377001C61C0 /* LibraryViewController.swift in Sources */ = {isa = PBXBuildFile; fileRef = 659A39F126E2D377001C61C0 /* LibraryViewController.swift */; };
		659A39F626E2D399001C61C0 /* AuthViewController.swift in Sources */ = {isa = PBXBuildFile; fileRef = 659A39F526E2D399001C61C0 /* AuthViewController.swift */; };
		659A39F826E2D3A4001C61C0 /* WelcomeViewController.swift in Sources */ = {isa = PBXBuildFile; fileRef = 659A39F726E2D3A4001C61C0 /* WelcomeViewController.swift */; };
		659A39FA26E2D3D0001C61C0 /* SettingsViewController.swift in Sources */ = {isa = PBXBuildFile; fileRef = 659A39F926E2D3D0001C61C0 /* SettingsViewController.swift */; };
		659A39FC26E2D3D9001C61C0 /* ProfileViewController.swift in Sources */ = {isa = PBXBuildFile; fileRef = 659A39FB26E2D3D9001C61C0 /* ProfileViewController.swift */; };
		659A39FE26E2D3F2001C61C0 /* PlayerViewController.swift in Sources */ = {isa = PBXBuildFile; fileRef = 659A39FD26E2D3F2001C61C0 /* PlayerViewController.swift */; };
		659A3A0026E2D401001C61C0 /* PlaylistViewController.swift in Sources */ = {isa = PBXBuildFile; fileRef = 659A39FF26E2D401001C61C0 /* PlaylistViewController.swift */; };
		659A3A0226E2D40C001C61C0 /* SearchResultsViewController.swift in Sources */ = {isa = PBXBuildFile; fileRef = 659A3A0126E2D40C001C61C0 /* SearchResultsViewController.swift */; };
		659A3A0426E2D441001C61C0 /* AuthManager.swift in Sources */ = {isa = PBXBuildFile; fileRef = 659A3A0326E2D441001C61C0 /* AuthManager.swift */; };
		659A3A0626E2D449001C61C0 /* APICaller.swift in Sources */ = {isa = PBXBuildFile; fileRef = 659A3A0526E2D449001C61C0 /* APICaller.swift */; };
		659A3A0826E2D456001C61C0 /* HapticsManager.swift in Sources */ = {isa = PBXBuildFile; fileRef = 659A3A0726E2D456001C61C0 /* HapticsManager.swift */; };
		659A3A0A26E2D472001C61C0 /* Playlist.swift in Sources */ = {isa = PBXBuildFile; fileRef = 659A3A0926E2D472001C61C0 /* Playlist.swift */; };
		659A3A0C26E2D47F001C61C0 /* AudioTrack.swift in Sources */ = {isa = PBXBuildFile; fileRef = 659A3A0B26E2D47F001C61C0 /* AudioTrack.swift */; };
		659A3A0E26E2D488001C61C0 /* UserProfile.swift in Sources */ = {isa = PBXBuildFile; fileRef = 659A3A0D26E2D488001C61C0 /* UserProfile.swift */; };
		659A3A1026E2D495001C61C0 /* Artist.swift in Sources */ = {isa = PBXBuildFile; fileRef = 659A3A0F26E2D495001C61C0 /* Artist.swift */; };
		659A3A1226E2D523001C61C0 /* SearchViewController.swift in Sources */ = {isa = PBXBuildFile; fileRef = 659A3A1126E2D523001C61C0 /* SearchViewController.swift */; };
		659A3A1426E2E284001C61C0 /* Extensions.swift in Sources */ = {isa = PBXBuildFile; fileRef = 659A3A1326E2E284001C61C0 /* Extensions.swift */; };
		659A3A1626E6B585001C61C0 /* AuthResponse.swift in Sources */ = {isa = PBXBuildFile; fileRef = 659A3A1526E6B585001C61C0 /* AuthResponse.swift */; };
		659A3ACE26EBE508001C61C0 /* APIImage.swift in Sources */ = {isa = PBXBuildFile; fileRef = 659A3ACD26EBE508001C61C0 /* APIImage.swift */; };
		659A3AD026EBE53F001C61C0 /* FeaturedPlaylistsResponse.swift in Sources */ = {isa = PBXBuildFile; fileRef = 659A3ACF26EBE53F001C61C0 /* FeaturedPlaylistsResponse.swift */; };
		659A3AD226EBE5A2001C61C0 /* LibraryPlaylistsResponse.swift in Sources */ = {isa = PBXBuildFile; fileRef = 659A3AD126EBE5A2001C61C0 /* LibraryPlaylistsResponse.swift */; };
		659A3AD426EC14FC001C61C0 /* ActionLabelView.swift in Sources */ = {isa = PBXBuildFile; fileRef = 659A3AD326EC14FC001C61C0 /* ActionLabelView.swift */; };
		659A3AD626EC20F1001C61C0 /* SearchResultSubtitleTableViewCell.swift in Sources */ = {isa = PBXBuildFile; fileRef = 659A3AD526EC20F1001C61C0 /* SearchResultSubtitleTableViewCell.swift */; };
		659A3AD826EC22AD001C61C0 /* SearchResultSubtitleTableViewCellViewModel.swift in Sources */ = {isa = PBXBuildFile; fileRef = 659A3AD726EC22AD001C61C0 /* SearchResultSubtitleTableViewCellViewModel.swift */; };
		659A3ADA26EFCD98001C61C0 /* RecommendedTrackCellViewModel.swift in Sources */ = {isa = PBXBuildFile; fileRef = 659A3AD926EFCD98001C61C0 /* RecommendedTrackCellViewModel.swift */; };
		659A3ADC26EFCDF5001C61C0 /* NewReleasesResponse.swift in Sources */ = {isa = PBXBuildFile; fileRef = 659A3ADB26EFCDF5001C61C0 /* NewReleasesResponse.swift */; };
		659A3ADF26EFD44C001C61C0 /* PlaybackPresenter.swift in Sources */ = {isa = PBXBuildFile; fileRef = 659A3ADE26EFD44C001C61C0 /* PlaybackPresenter.swift */; };
		659A3AE126EFEEE3001C61C0 /* PlayerControlsView.swift in Sources */ = {isa = PBXBuildFile; fileRef = 659A3AE026EFEEE3001C61C0 /* PlayerControlsView.swift */; };
		659A3AE326EFEF9F001C61C0 /* PlaylistHeaderViewViewModel.swift in Sources */ = {isa = PBXBuildFile; fileRef = 659A3AE226EFEF9F001C61C0 /* PlaylistHeaderViewViewModel.swift */; };
		659A3AE526EFF057001C61C0 /* PlaylistHeaderCollectionReusableView.swift in Sources */ = {isa = PBXBuildFile; fileRef = 659A3AE426EFF057001C61C0 /* PlaylistHeaderCollectionReusableView.swift */; };
		659A3AE726EFF0EA001C61C0 /* PlaylistDetailsResponse.swift in Sources */ = {isa = PBXBuildFile; fileRef = 659A3AE626EFF0EA001C61C0 /* PlaylistDetailsResponse.swift */; };
		659A3AE926EFF134001C61C0 /* RecommendedTrackCollectionViewCell.swift in Sources */ = {isa = PBXBuildFile; fileRef = 659A3AE826EFF134001C61C0 /* RecommendedTrackCollectionViewCell.swift */; };
		89C69D44B5E4B9983D91DC86 /* Pods_SpotifyTests.framework in Frameworks */ = {isa = PBXBuildFile; fileRef = 71C7CBEBB8ED3432727C9265 /* Pods_SpotifyTests.framework */; };
		94A027D9CB34DF914CCB44FF /* Pods_Spotify_SpotifyUITests.framework in Frameworks */ = {isa = PBXBuildFile; fileRef = 9ECEC08496F31736BF79BDDD /* Pods_Spotify_SpotifyUITests.framework */; };
/* End PBXBuildFile section */

/* Begin PBXContainerItemProxy section */
		659A39CB26E2CEBB001C61C0 /* PBXContainerItemProxy */ = {
			isa = PBXContainerItemProxy;
			containerPortal = 659A39AC26E2CEB8001C61C0 /* Project object */;
			proxyType = 1;
			remoteGlobalIDString = 659A39B326E2CEB8001C61C0;
			remoteInfo = Spotify;
		};
		659A39D626E2CEBB001C61C0 /* PBXContainerItemProxy */ = {
			isa = PBXContainerItemProxy;
			containerPortal = 659A39AC26E2CEB8001C61C0 /* Project object */;
			proxyType = 1;
			remoteGlobalIDString = 659A39B326E2CEB8001C61C0;
			remoteInfo = Spotify;
		};
/* End PBXContainerItemProxy section */

/* Begin PBXFileReference section */
		4214CBB80EEA8DB1DDFCC0E5 /* Pods-Spotify-SpotifyUITests.debug.xcconfig */ = {isa = PBXFileReference; includeInIndex = 1; lastKnownFileType = text.xcconfig; name = "Pods-Spotify-SpotifyUITests.debug.xcconfig"; path = "Target Support Files/Pods-Spotify-SpotifyUITests/Pods-Spotify-SpotifyUITests.debug.xcconfig"; sourceTree = "<group>"; };
		659A39B426E2CEB8001C61C0 /* Spotify.app */ = {isa = PBXFileReference; explicitFileType = wrapper.application; includeInIndex = 0; path = Spotify.app; sourceTree = BUILT_PRODUCTS_DIR; };
		659A39B726E2CEB8001C61C0 /* AppDelegate.swift */ = {isa = PBXFileReference; lastKnownFileType = sourcecode.swift; path = AppDelegate.swift; sourceTree = "<group>"; };
		659A39B926E2CEB8001C61C0 /* SceneDelegate.swift */ = {isa = PBXFileReference; lastKnownFileType = sourcecode.swift; path = SceneDelegate.swift; sourceTree = "<group>"; };
		659A39BB26E2CEB8001C61C0 /* HomeViewController.swift */ = {isa = PBXFileReference; lastKnownFileType = sourcecode.swift; path = HomeViewController.swift; sourceTree = "<group>"; };
		659A39C026E2CEBB001C61C0 /* Assets.xcassets */ = {isa = PBXFileReference; lastKnownFileType = folder.assetcatalog; path = Assets.xcassets; sourceTree = "<group>"; };
		659A39C326E2CEBB001C61C0 /* Base */ = {isa = PBXFileReference; lastKnownFileType = file.storyboard; name = Base; path = Base.lproj/LaunchScreen.storyboard; sourceTree = "<group>"; };
		659A39C526E2CEBB001C61C0 /* Info.plist */ = {isa = PBXFileReference; lastKnownFileType = text.plist.xml; path = Info.plist; sourceTree = "<group>"; };
		659A39CA26E2CEBB001C61C0 /* SpotifyTests.xctest */ = {isa = PBXFileReference; explicitFileType = wrapper.cfbundle; includeInIndex = 0; path = SpotifyTests.xctest; sourceTree = BUILT_PRODUCTS_DIR; };
		659A39CE26E2CEBB001C61C0 /* SpotifyTests.swift */ = {isa = PBXFileReference; lastKnownFileType = sourcecode.swift; path = SpotifyTests.swift; sourceTree = "<group>"; };
		659A39D026E2CEBB001C61C0 /* Info.plist */ = {isa = PBXFileReference; lastKnownFileType = text.plist.xml; path = Info.plist; sourceTree = "<group>"; };
		659A39D526E2CEBB001C61C0 /* SpotifyUITests.xctest */ = {isa = PBXFileReference; explicitFileType = wrapper.cfbundle; includeInIndex = 0; path = SpotifyUITests.xctest; sourceTree = BUILT_PRODUCTS_DIR; };
		659A39D926E2CEBB001C61C0 /* SpotifyUITests.swift */ = {isa = PBXFileReference; lastKnownFileType = sourcecode.swift; path = SpotifyUITests.swift; sourceTree = "<group>"; };
		659A39DB26E2CEBB001C61C0 /* Info.plist */ = {isa = PBXFileReference; lastKnownFileType = text.plist.xml; path = Info.plist; sourceTree = "<group>"; };
		659A39ED26E2D33F001C61C0 /* TabBarViewController.swift */ = {isa = PBXFileReference; lastKnownFileType = sourcecode.swift; path = TabBarViewController.swift; sourceTree = "<group>"; };
		659A39F126E2D377001C61C0 /* LibraryViewController.swift */ = {isa = PBXFileReference; lastKnownFileType = sourcecode.swift; path = LibraryViewController.swift; sourceTree = "<group>"; };
		659A39F526E2D399001C61C0 /* AuthViewController.swift */ = {isa = PBXFileReference; lastKnownFileType = sourcecode.swift; path = AuthViewController.swift; sourceTree = "<group>"; };
		659A39F726E2D3A4001C61C0 /* WelcomeViewController.swift */ = {isa = PBXFileReference; lastKnownFileType = sourcecode.swift; path = WelcomeViewController.swift; sourceTree = "<group>"; };
		659A39F926E2D3D0001C61C0 /* SettingsViewController.swift */ = {isa = PBXFileReference; lastKnownFileType = sourcecode.swift; path = SettingsViewController.swift; sourceTree = "<group>"; };
		659A39FB26E2D3D9001C61C0 /* ProfileViewController.swift */ = {isa = PBXFileReference; lastKnownFileType = sourcecode.swift; path = ProfileViewController.swift; sourceTree = "<group>"; };
		659A39FD26E2D3F2001C61C0 /* PlayerViewController.swift */ = {isa = PBXFileReference; lastKnownFileType = sourcecode.swift; path = PlayerViewController.swift; sourceTree = "<group>"; };
		659A39FF26E2D401001C61C0 /* PlaylistViewController.swift */ = {isa = PBXFileReference; lastKnownFileType = sourcecode.swift; path = PlaylistViewController.swift; sourceTree = "<group>"; };
		659A3A0126E2D40C001C61C0 /* SearchResultsViewController.swift */ = {isa = PBXFileReference; lastKnownFileType = sourcecode.swift; path = SearchResultsViewController.swift; sourceTree = "<group>"; };
		659A3A0326E2D441001C61C0 /* AuthManager.swift */ = {isa = PBXFileReference; lastKnownFileType = sourcecode.swift; path = AuthManager.swift; sourceTree = "<group>"; };
		659A3A0526E2D449001C61C0 /* APICaller.swift */ = {isa = PBXFileReference; lastKnownFileType = sourcecode.swift; path = APICaller.swift; sourceTree = "<group>"; };
		659A3A0726E2D456001C61C0 /* HapticsManager.swift */ = {isa = PBXFileReference; lastKnownFileType = sourcecode.swift; path = HapticsManager.swift; sourceTree = "<group>"; };
		659A3A0926E2D472001C61C0 /* Playlist.swift */ = {isa = PBXFileReference; lastKnownFileType = sourcecode.swift; path = Playlist.swift; sourceTree = "<group>"; };
		659A3A0B26E2D47F001C61C0 /* AudioTrack.swift */ = {isa = PBXFileReference; lastKnownFileType = sourcecode.swift; path = AudioTrack.swift; sourceTree = "<group>"; };
		659A3A0D26E2D488001C61C0 /* UserProfile.swift */ = {isa = PBXFileReference; lastKnownFileType = sourcecode.swift; path = UserProfile.swift; sourceTree = "<group>"; };
		659A3A0F26E2D495001C61C0 /* Artist.swift */ = {isa = PBXFileReference; lastKnownFileType = sourcecode.swift; path = Artist.swift; sourceTree = "<group>"; };
		659A3A1126E2D523001C61C0 /* SearchViewController.swift */ = {isa = PBXFileReference; lastKnownFileType = sourcecode.swift; path = SearchViewController.swift; sourceTree = "<group>"; };
		659A3A1326E2E284001C61C0 /* Extensions.swift */ = {isa = PBXFileReference; lastKnownFileType = sourcecode.swift; path = Extensions.swift; sourceTree = "<group>"; };
		659A3A1526E6B585001C61C0 /* AuthResponse.swift */ = {isa = PBXFileReference; lastKnownFileType = sourcecode.swift; path = AuthResponse.swift; sourceTree = "<group>"; };
		659A3ACD26EBE508001C61C0 /* APIImage.swift */ = {isa = PBXFileReference; lastKnownFileType = sourcecode.swift; path = APIImage.swift; sourceTree = "<group>"; };
		659A3ACF26EBE53F001C61C0 /* FeaturedPlaylistsResponse.swift */ = {isa = PBXFileReference; lastKnownFileType = sourcecode.swift; path = FeaturedPlaylistsResponse.swift; sourceTree = "<group>"; };
		659A3AD126EBE5A2001C61C0 /* LibraryPlaylistsResponse.swift */ = {isa = PBXFileReference; lastKnownFileType = sourcecode.swift; path = LibraryPlaylistsResponse.swift; sourceTree = "<group>"; };
		659A3AD326EC14FC001C61C0 /* ActionLabelView.swift */ = {isa = PBXFileReference; lastKnownFileType = sourcecode.swift; path = ActionLabelView.swift; sourceTree = "<group>"; };
		659A3AD526EC20F1001C61C0 /* SearchResultSubtitleTableViewCell.swift */ = {isa = PBXFileReference; lastKnownFileType = sourcecode.swift; path = SearchResultSubtitleTableViewCell.swift; sourceTree = "<group>"; };
		659A3AD726EC22AD001C61C0 /* SearchResultSubtitleTableViewCellViewModel.swift */ = {isa = PBXFileReference; lastKnownFileType = sourcecode.swift; path = SearchResultSubtitleTableViewCellViewModel.swift; sourceTree = "<group>"; };
		659A3AD926EFCD98001C61C0 /* RecommendedTrackCellViewModel.swift */ = {isa = PBXFileReference; lastKnownFileType = sourcecode.swift; path = RecommendedTrackCellViewModel.swift; sourceTree = "<group>"; };
		659A3ADB26EFCDF5001C61C0 /* NewReleasesResponse.swift */ = {isa = PBXFileReference; lastKnownFileType = sourcecode.swift; path = NewReleasesResponse.swift; sourceTree = "<group>"; };
		659A3ADE26EFD44C001C61C0 /* PlaybackPresenter.swift */ = {isa = PBXFileReference; lastKnownFileType = sourcecode.swift; path = PlaybackPresenter.swift; sourceTree = "<group>"; };
		659A3AE026EFEEE3001C61C0 /* PlayerControlsView.swift */ = {isa = PBXFileReference; lastKnownFileType = sourcecode.swift; path = PlayerControlsView.swift; sourceTree = "<group>"; };
		659A3AE226EFEF9F001C61C0 /* PlaylistHeaderViewViewModel.swift */ = {isa = PBXFileReference; lastKnownFileType = sourcecode.swift; path = PlaylistHeaderViewViewModel.swift; sourceTree = "<group>"; };
		659A3AE426EFF057001C61C0 /* PlaylistHeaderCollectionReusableView.swift */ = {isa = PBXFileReference; lastKnownFileType = sourcecode.swift; path = PlaylistHeaderCollectionReusableView.swift; sourceTree = "<group>"; };
		659A3AE626EFF0EA001C61C0 /* PlaylistDetailsResponse.swift */ = {isa = PBXFileReference; lastKnownFileType = sourcecode.swift; path = PlaylistDetailsResponse.swift; sourceTree = "<group>"; };
		659A3AE826EFF134001C61C0 /* RecommendedTrackCollectionViewCell.swift */ = {isa = PBXFileReference; lastKnownFileType = sourcecode.swift; path = RecommendedTrackCollectionViewCell.swift; sourceTree = "<group>"; };
		6A1742C2346EB7024C7D5082 /* Pods-Spotify-SpotifyUITests.release.xcconfig */ = {isa = PBXFileReference; includeInIndex = 1; lastKnownFileType = text.xcconfig; name = "Pods-Spotify-SpotifyUITests.release.xcconfig"; path = "Target Support Files/Pods-Spotify-SpotifyUITests/Pods-Spotify-SpotifyUITests.release.xcconfig"; sourceTree = "<group>"; };
		71C7CBEBB8ED3432727C9265 /* Pods_SpotifyTests.framework */ = {isa = PBXFileReference; explicitFileType = wrapper.framework; includeInIndex = 0; path = Pods_SpotifyTests.framework; sourceTree = BUILT_PRODUCTS_DIR; };
		8E1D1E60331A147D9B7F5B3E /* Pods_Spotify.framework */ = {isa = PBXFileReference; explicitFileType = wrapper.framework; includeInIndex = 0; path = Pods_Spotify.framework; sourceTree = BUILT_PRODUCTS_DIR; };
		9ECEC08496F31736BF79BDDD /* Pods_Spotify_SpotifyUITests.framework */ = {isa = PBXFileReference; explicitFileType = wrapper.framework; includeInIndex = 0; path = Pods_Spotify_SpotifyUITests.framework; sourceTree = BUILT_PRODUCTS_DIR; };
		A938DD259EE4B0A166685FDC /* Pods-Spotify.release.xcconfig */ = {isa = PBXFileReference; includeInIndex = 1; lastKnownFileType = text.xcconfig; name = "Pods-Spotify.release.xcconfig"; path = "Target Support Files/Pods-Spotify/Pods-Spotify.release.xcconfig"; sourceTree = "<group>"; };
		AC4E4A8A11BA3E1C746162EB /* Pods-SpotifyTests.debug.xcconfig */ = {isa = PBXFileReference; includeInIndex = 1; lastKnownFileType = text.xcconfig; name = "Pods-SpotifyTests.debug.xcconfig"; path = "Target Support Files/Pods-SpotifyTests/Pods-SpotifyTests.debug.xcconfig"; sourceTree = "<group>"; };
		B97113A2EFC47BCDAECE698E /* Pods-Spotify.debug.xcconfig */ = {isa = PBXFileReference; includeInIndex = 1; lastKnownFileType = text.xcconfig; name = "Pods-Spotify.debug.xcconfig"; path = "Target Support Files/Pods-Spotify/Pods-Spotify.debug.xcconfig"; sourceTree = "<group>"; };
		D82AA9D902586EAC82CA6E2A /* Pods-SpotifyTests.release.xcconfig */ = {isa = PBXFileReference; includeInIndex = 1; lastKnownFileType = text.xcconfig; name = "Pods-SpotifyTests.release.xcconfig"; path = "Target Support Files/Pods-SpotifyTests/Pods-SpotifyTests.release.xcconfig"; sourceTree = "<group>"; };
/* End PBXFileReference section */

/* Begin PBXFrameworksBuildPhase section */
		659A39B126E2CEB8001C61C0 /* Frameworks */ = {
			isa = PBXFrameworksBuildPhase;
			buildActionMask = 2147483647;
			files = (
				1B5FD8D376575586DB30D990 /* Pods_Spotify.framework in Frameworks */,
			);
			runOnlyForDeploymentPostprocessing = 0;
		};
		659A39C726E2CEBB001C61C0 /* Frameworks */ = {
			isa = PBXFrameworksBuildPhase;
			buildActionMask = 2147483647;
			files = (
				89C69D44B5E4B9983D91DC86 /* Pods_SpotifyTests.framework in Frameworks */,
			);
			runOnlyForDeploymentPostprocessing = 0;
		};
		659A39D226E2CEBB001C61C0 /* Frameworks */ = {
			isa = PBXFrameworksBuildPhase;
			buildActionMask = 2147483647;
			files = (
				94A027D9CB34DF914CCB44FF /* Pods_Spotify_SpotifyUITests.framework in Frameworks */,
			);
			runOnlyForDeploymentPostprocessing = 0;
		};
/* End PBXFrameworksBuildPhase section */

/* Begin PBXGroup section */
		659A39AB26E2CEB8001C61C0 = {
			isa = PBXGroup;
			children = (
				659A39B626E2CEB8001C61C0 /* Spotify */,
				659A39CD26E2CEBB001C61C0 /* SpotifyTests */,
				659A39D826E2CEBB001C61C0 /* SpotifyUITests */,
				659A39B526E2CEB8001C61C0 /* Products */,
				D1DB258AE5BF641AD669085F /* Pods */,
				F18CDDBCFA892CAFA8D538CA /* Frameworks */,
			);
			sourceTree = "<group>";
		};
		659A39B526E2CEB8001C61C0 /* Products */ = {
			isa = PBXGroup;
			children = (
				659A39B426E2CEB8001C61C0 /* Spotify.app */,
				659A39CA26E2CEBB001C61C0 /* SpotifyTests.xctest */,
				659A39D526E2CEBB001C61C0 /* SpotifyUITests.xctest */,
			);
			name = Products;
			sourceTree = "<group>";
		};
		659A39B626E2CEB8001C61C0 /* Spotify */ = {
			isa = PBXGroup;
			children = (
				659A3ADD26EFD424001C61C0 /* Presenter */,
				659A39E926E2CF4A001C61C0 /* Resources */,
				659A39EB26E2CF59001C61C0 /* Managers */,
				659A39EC26E2CF5F001C61C0 /* ViewModels */,
				659A39E826E2CF3F001C61C0 /* Models */,
				659A39E726E2CF36001C61C0 /* View */,
				659A39EA26E2CF52001C61C0 /* Controllers */,
				659A39C526E2CEBB001C61C0 /* Info.plist */,
			);
			path = Spotify;
			sourceTree = "<group>";
		};
		659A39CD26E2CEBB001C61C0 /* SpotifyTests */ = {
			isa = PBXGroup;
			children = (
				659A39CE26E2CEBB001C61C0 /* SpotifyTests.swift */,
				659A39D026E2CEBB001C61C0 /* Info.plist */,
			);
			path = SpotifyTests;
			sourceTree = "<group>";
		};
		659A39D826E2CEBB001C61C0 /* SpotifyUITests */ = {
			isa = PBXGroup;
			children = (
				659A39D926E2CEBB001C61C0 /* SpotifyUITests.swift */,
				659A39DB26E2CEBB001C61C0 /* Info.plist */,
			);
			path = SpotifyUITests;
			sourceTree = "<group>";
		};
		659A39E726E2CF36001C61C0 /* View */ = {
			isa = PBXGroup;
			children = (
				659A39C226E2CEBB001C61C0 /* LaunchScreen.storyboard */,
				659A3AD326EC14FC001C61C0 /* ActionLabelView.swift */,
				659A3AD526EC20F1001C61C0 /* SearchResultSubtitleTableViewCell.swift */,
				659A3AE026EFEEE3001C61C0 /* PlayerControlsView.swift */,
				659A3AE426EFF057001C61C0 /* PlaylistHeaderCollectionReusableView.swift */,
				659A3AE826EFF134001C61C0 /* RecommendedTrackCollectionViewCell.swift */,
			);
			path = View;
			sourceTree = "<group>";
		};
		659A39E826E2CF3F001C61C0 /* Models */ = {
			isa = PBXGroup;
			children = (
				659A3A0926E2D472001C61C0 /* Playlist.swift */,
				659A3A0B26E2D47F001C61C0 /* AudioTrack.swift */,
				659A3A0F26E2D495001C61C0 /* Artist.swift */,
				659A3A0D26E2D488001C61C0 /* UserProfile.swift */,
				659A3A1526E6B585001C61C0 /* AuthResponse.swift */,
				659A3ACD26EBE508001C61C0 /* APIImage.swift */,
				659A3ACF26EBE53F001C61C0 /* FeaturedPlaylistsResponse.swift */,
				659A3AD126EBE5A2001C61C0 /* LibraryPlaylistsResponse.swift */,
				659A3ADB26EFCDF5001C61C0 /* NewReleasesResponse.swift */,
				659A3AE626EFF0EA001C61C0 /* PlaylistDetailsResponse.swift */,
			);
			path = Models;
			sourceTree = "<group>";
		};
		659A39E926E2CF4A001C61C0 /* Resources */ = {
			isa = PBXGroup;
			children = (
				659A39C026E2CEBB001C61C0 /* Assets.xcassets */,
				659A39B726E2CEB8001C61C0 /* AppDelegate.swift */,
				659A39B926E2CEB8001C61C0 /* SceneDelegate.swift */,
				659A3A1326E2E284001C61C0 /* Extensions.swift */,
			);
			path = Resources;
			sourceTree = "<group>";
		};
		659A39EA26E2CF52001C61C0 /* Controllers */ = {
			isa = PBXGroup;
			children = (
				659A39F426E2D383001C61C0 /* Other */,
				659A39F326E2D37E001C61C0 /* Core */,
			);
			path = Controllers;
			sourceTree = "<group>";
		};
		659A39EB26E2CF59001C61C0 /* Managers */ = {
			isa = PBXGroup;
			children = (
				659A3A0326E2D441001C61C0 /* AuthManager.swift */,
				659A3A0526E2D449001C61C0 /* APICaller.swift */,
				659A3A0726E2D456001C61C0 /* HapticsManager.swift */,
			);
			path = Managers;
			sourceTree = "<group>";
		};
		659A39EC26E2CF5F001C61C0 /* ViewModels */ = {
			isa = PBXGroup;
			children = (
				659A3AD726EC22AD001C61C0 /* SearchResultSubtitleTableViewCellViewModel.swift */,
				659A3AD926EFCD98001C61C0 /* RecommendedTrackCellViewModel.swift */,
				659A3AE226EFEF9F001C61C0 /* PlaylistHeaderViewViewModel.swift */,
			);
			path = ViewModels;
			sourceTree = "<group>";
		};
		659A39F326E2D37E001C61C0 /* Core */ = {
			isa = PBXGroup;
			children = (
				659A39ED26E2D33F001C61C0 /* TabBarViewController.swift */,
				659A39BB26E2CEB8001C61C0 /* HomeViewController.swift */,
				659A39F126E2D377001C61C0 /* LibraryViewController.swift */,
				659A3A1126E2D523001C61C0 /* SearchViewController.swift */,
			);
			path = Core;
			sourceTree = "<group>";
		};
		659A39F426E2D383001C61C0 /* Other */ = {
			isa = PBXGroup;
			children = (
				659A39F526E2D399001C61C0 /* AuthViewController.swift */,
				659A39F726E2D3A4001C61C0 /* WelcomeViewController.swift */,
				659A39F926E2D3D0001C61C0 /* SettingsViewController.swift */,
				659A39FB26E2D3D9001C61C0 /* ProfileViewController.swift */,
				659A39FD26E2D3F2001C61C0 /* PlayerViewController.swift */,
				659A39FF26E2D401001C61C0 /* PlaylistViewController.swift */,
				659A3A0126E2D40C001C61C0 /* SearchResultsViewController.swift */,
			);
			path = Other;
			sourceTree = "<group>";
		};
		659A3ADD26EFD424001C61C0 /* Presenter */ = {
			isa = PBXGroup;
			children = (
				659A3ADE26EFD44C001C61C0 /* PlaybackPresenter.swift */,
			);
			path = Presenter;
			sourceTree = "<group>";
		};
		D1DB258AE5BF641AD669085F /* Pods */ = {
			isa = PBXGroup;
			children = (
				B97113A2EFC47BCDAECE698E /* Pods-Spotify.debug.xcconfig */,
				A938DD259EE4B0A166685FDC /* Pods-Spotify.release.xcconfig */,
				4214CBB80EEA8DB1DDFCC0E5 /* Pods-Spotify-SpotifyUITests.debug.xcconfig */,
				6A1742C2346EB7024C7D5082 /* Pods-Spotify-SpotifyUITests.release.xcconfig */,
				AC4E4A8A11BA3E1C746162EB /* Pods-SpotifyTests.debug.xcconfig */,
				D82AA9D902586EAC82CA6E2A /* Pods-SpotifyTests.release.xcconfig */,
			);
			path = Pods;
			sourceTree = "<group>";
		};
		F18CDDBCFA892CAFA8D538CA /* Frameworks */ = {
			isa = PBXGroup;
			children = (
				8E1D1E60331A147D9B7F5B3E /* Pods_Spotify.framework */,
				9ECEC08496F31736BF79BDDD /* Pods_Spotify_SpotifyUITests.framework */,
				71C7CBEBB8ED3432727C9265 /* Pods_SpotifyTests.framework */,
			);
			name = Frameworks;
			sourceTree = "<group>";
		};
/* End PBXGroup section */

/* Begin PBXNativeTarget section */
		659A39B326E2CEB8001C61C0 /* Spotify */ = {
			isa = PBXNativeTarget;
			buildConfigurationList = 659A39DE26E2CEBB001C61C0 /* Build configuration list for PBXNativeTarget "Spotify" */;
			buildPhases = (
				FC3048F410F27F4071F17CF5 /* [CP] Check Pods Manifest.lock */,
				659A39B026E2CEB8001C61C0 /* Sources */,
				659A39B126E2CEB8001C61C0 /* Frameworks */,
				659A39B226E2CEB8001C61C0 /* Resources */,
				340D687E92D599FD1779850E /* [CP] Embed Pods Frameworks */,
			);
			buildRules = (
			);
			dependencies = (
			);
			name = Spotify;
			productName = Spotify;
			productReference = 659A39B426E2CEB8001C61C0 /* Spotify.app */;
			productType = "com.apple.product-type.application";
		};
		659A39C926E2CEBB001C61C0 /* SpotifyTests */ = {
			isa = PBXNativeTarget;
			buildConfigurationList = 659A39E126E2CEBB001C61C0 /* Build configuration list for PBXNativeTarget "SpotifyTests" */;
			buildPhases = (
				551F6390E1A13864DD4D389B /* [CP] Check Pods Manifest.lock */,
				659A39C626E2CEBB001C61C0 /* Sources */,
				659A39C726E2CEBB001C61C0 /* Frameworks */,
				659A39C826E2CEBB001C61C0 /* Resources */,
			);
			buildRules = (
			);
			dependencies = (
				659A39CC26E2CEBB001C61C0 /* PBXTargetDependency */,
			);
			name = SpotifyTests;
			productName = SpotifyTests;
			productReference = 659A39CA26E2CEBB001C61C0 /* SpotifyTests.xctest */;
			productType = "com.apple.product-type.bundle.unit-test";
		};
		659A39D426E2CEBB001C61C0 /* SpotifyUITests */ = {
			isa = PBXNativeTarget;
			buildConfigurationList = 659A39E426E2CEBB001C61C0 /* Build configuration list for PBXNativeTarget "SpotifyUITests" */;
			buildPhases = (
				40E38CBB1F727E48422D9EDC /* [CP] Check Pods Manifest.lock */,
				659A39D126E2CEBB001C61C0 /* Sources */,
				659A39D226E2CEBB001C61C0 /* Frameworks */,
				659A39D326E2CEBB001C61C0 /* Resources */,
				52AFF1CF86EB1DA647ACDFBC /* [CP] Embed Pods Frameworks */,
			);
			buildRules = (
			);
			dependencies = (
				659A39D726E2CEBB001C61C0 /* PBXTargetDependency */,
			);
			name = SpotifyUITests;
			productName = SpotifyUITests;
			productReference = 659A39D526E2CEBB001C61C0 /* SpotifyUITests.xctest */;
			productType = "com.apple.product-type.bundle.ui-testing";
		};
/* End PBXNativeTarget section */

/* Begin PBXProject section */
		659A39AC26E2CEB8001C61C0 /* Project object */ = {
			isa = PBXProject;
			attributes = {
				LastSwiftUpdateCheck = 1250;
				LastUpgradeCheck = 1250;
				TargetAttributes = {
					659A39B326E2CEB8001C61C0 = {
						CreatedOnToolsVersion = 12.5.1;
					};
					659A39C926E2CEBB001C61C0 = {
						CreatedOnToolsVersion = 12.5.1;
						TestTargetID = 659A39B326E2CEB8001C61C0;
					};
					659A39D426E2CEBB001C61C0 = {
						CreatedOnToolsVersion = 12.5.1;
						TestTargetID = 659A39B326E2CEB8001C61C0;
					};
				};
			};
			buildConfigurationList = 659A39AF26E2CEB8001C61C0 /* Build configuration list for PBXProject "Spotify" */;
			compatibilityVersion = "Xcode 9.3";
			developmentRegion = en;
			hasScannedForEncodings = 0;
			knownRegions = (
				en,
				Base,
			);
			mainGroup = 659A39AB26E2CEB8001C61C0;
			productRefGroup = 659A39B526E2CEB8001C61C0 /* Products */;
			projectDirPath = "";
			projectRoot = "";
			targets = (
				659A39B326E2CEB8001C61C0 /* Spotify */,
				659A39C926E2CEBB001C61C0 /* SpotifyTests */,
				659A39D426E2CEBB001C61C0 /* SpotifyUITests */,
			);
		};
/* End PBXProject section */

/* Begin PBXResourcesBuildPhase section */
		659A39B226E2CEB8001C61C0 /* Resources */ = {
			isa = PBXResourcesBuildPhase;
			buildActionMask = 2147483647;
			files = (
				659A39C426E2CEBB001C61C0 /* LaunchScreen.storyboard in Resources */,
				659A39C126E2CEBB001C61C0 /* Assets.xcassets in Resources */,
			);
			runOnlyForDeploymentPostprocessing = 0;
		};
		659A39C826E2CEBB001C61C0 /* Resources */ = {
			isa = PBXResourcesBuildPhase;
			buildActionMask = 2147483647;
			files = (
			);
			runOnlyForDeploymentPostprocessing = 0;
		};
		659A39D326E2CEBB001C61C0 /* Resources */ = {
			isa = PBXResourcesBuildPhase;
			buildActionMask = 2147483647;
			files = (
			);
			runOnlyForDeploymentPostprocessing = 0;
		};
/* End PBXResourcesBuildPhase section */

/* Begin PBXShellScriptBuildPhase section */
		340D687E92D599FD1779850E /* [CP] Embed Pods Frameworks */ = {
			isa = PBXShellScriptBuildPhase;
			buildActionMask = 2147483647;
			files = (
			);
			inputFileListPaths = (
				"${PODS_ROOT}/Target Support Files/Pods-Spotify/Pods-Spotify-frameworks-${CONFIGURATION}-input-files.xcfilelist",
			);
			name = "[CP] Embed Pods Frameworks";
			outputFileListPaths = (
				"${PODS_ROOT}/Target Support Files/Pods-Spotify/Pods-Spotify-frameworks-${CONFIGURATION}-output-files.xcfilelist",
			);
			runOnlyForDeploymentPostprocessing = 0;
			shellPath = /bin/sh;
			shellScript = "\"${PODS_ROOT}/Target Support Files/Pods-Spotify/Pods-Spotify-frameworks.sh\"\n";
			showEnvVarsInLog = 0;
		};
		40E38CBB1F727E48422D9EDC /* [CP] Check Pods Manifest.lock */ = {
			isa = PBXShellScriptBuildPhase;
			buildActionMask = 2147483647;
			files = (
			);
			inputFileListPaths = (
			);
			inputPaths = (
				"${PODS_PODFILE_DIR_PATH}/Podfile.lock",
				"${PODS_ROOT}/Manifest.lock",
			);
			name = "[CP] Check Pods Manifest.lock";
			outputFileListPaths = (
			);
			outputPaths = (
				"$(DERIVED_FILE_DIR)/Pods-Spotify-SpotifyUITests-checkManifestLockResult.txt",
			);
			runOnlyForDeploymentPostprocessing = 0;
			shellPath = /bin/sh;
			shellScript = "diff \"${PODS_PODFILE_DIR_PATH}/Podfile.lock\" \"${PODS_ROOT}/Manifest.lock\" > /dev/null\nif [ $? != 0 ] ; then\n    # print error to STDERR\n    echo \"error: The sandbox is not in sync with the Podfile.lock. Run 'pod install' or update your CocoaPods installation.\" >&2\n    exit 1\nfi\n# This output is used by Xcode 'outputs' to avoid re-running this script phase.\necho \"SUCCESS\" > \"${SCRIPT_OUTPUT_FILE_0}\"\n";
			showEnvVarsInLog = 0;
		};
		52AFF1CF86EB1DA647ACDFBC /* [CP] Embed Pods Frameworks */ = {
			isa = PBXShellScriptBuildPhase;
			buildActionMask = 2147483647;
			files = (
			);
			inputFileListPaths = (
				"${PODS_ROOT}/Target Support Files/Pods-Spotify-SpotifyUITests/Pods-Spotify-SpotifyUITests-frameworks-${CONFIGURATION}-input-files.xcfilelist",
			);
			name = "[CP] Embed Pods Frameworks";
			outputFileListPaths = (
				"${PODS_ROOT}/Target Support Files/Pods-Spotify-SpotifyUITests/Pods-Spotify-SpotifyUITests-frameworks-${CONFIGURATION}-output-files.xcfilelist",
			);
			runOnlyForDeploymentPostprocessing = 0;
			shellPath = /bin/sh;
			shellScript = "\"${PODS_ROOT}/Target Support Files/Pods-Spotify-SpotifyUITests/Pods-Spotify-SpotifyUITests-frameworks.sh\"\n";
			showEnvVarsInLog = 0;
		};
		551F6390E1A13864DD4D389B /* [CP] Check Pods Manifest.lock */ = {
			isa = PBXShellScriptBuildPhase;
			buildActionMask = 2147483647;
			files = (
			);
			inputFileListPaths = (
			);
			inputPaths = (
				"${PODS_PODFILE_DIR_PATH}/Podfile.lock",
				"${PODS_ROOT}/Manifest.lock",
			);
			name = "[CP] Check Pods Manifest.lock";
			outputFileListPaths = (
			);
			outputPaths = (
				"$(DERIVED_FILE_DIR)/Pods-SpotifyTests-checkManifestLockResult.txt",
			);
			runOnlyForDeploymentPostprocessing = 0;
			shellPath = /bin/sh;
			shellScript = "diff \"${PODS_PODFILE_DIR_PATH}/Podfile.lock\" \"${PODS_ROOT}/Manifest.lock\" > /dev/null\nif [ $? != 0 ] ; then\n    # print error to STDERR\n    echo \"error: The sandbox is not in sync with the Podfile.lock. Run 'pod install' or update your CocoaPods installation.\" >&2\n    exit 1\nfi\n# This output is used by Xcode 'outputs' to avoid re-running this script phase.\necho \"SUCCESS\" > \"${SCRIPT_OUTPUT_FILE_0}\"\n";
			showEnvVarsInLog = 0;
		};
		FC3048F410F27F4071F17CF5 /* [CP] Check Pods Manifest.lock */ = {
			isa = PBXShellScriptBuildPhase;
			buildActionMask = 2147483647;
			files = (
			);
			inputFileListPaths = (
			);
			inputPaths = (
				"${PODS_PODFILE_DIR_PATH}/Podfile.lock",
				"${PODS_ROOT}/Manifest.lock",
			);
			name = "[CP] Check Pods Manifest.lock";
			outputFileListPaths = (
			);
			outputPaths = (
				"$(DERIVED_FILE_DIR)/Pods-Spotify-checkManifestLockResult.txt",
			);
			runOnlyForDeploymentPostprocessing = 0;
			shellPath = /bin/sh;
			shellScript = "diff \"${PODS_PODFILE_DIR_PATH}/Podfile.lock\" \"${PODS_ROOT}/Manifest.lock\" > /dev/null\nif [ $? != 0 ] ; then\n    # print error to STDERR\n    echo \"error: The sandbox is not in sync with the Podfile.lock. Run 'pod install' or update your CocoaPods installation.\" >&2\n    exit 1\nfi\n# This output is used by Xcode 'outputs' to avoid re-running this script phase.\necho \"SUCCESS\" > \"${SCRIPT_OUTPUT_FILE_0}\"\n";
			showEnvVarsInLog = 0;
		};
/* End PBXShellScriptBuildPhase section */

/* Begin PBXSourcesBuildPhase section */
		659A39B026E2CEB8001C61C0 /* Sources */ = {
			isa = PBXSourcesBuildPhase;
			buildActionMask = 2147483647;
			files = (
				659A3A0A26E2D472001C61C0 /* Playlist.swift in Sources */,
				659A3ACE26EBE508001C61C0 /* APIImage.swift in Sources */,
				659A3AE926EFF134001C61C0 /* RecommendedTrackCollectionViewCell.swift in Sources */,
				659A3A0426E2D441001C61C0 /* AuthManager.swift in Sources */,
				659A3A0226E2D40C001C61C0 /* SearchResultsViewController.swift in Sources */,
				659A39F826E2D3A4001C61C0 /* WelcomeViewController.swift in Sources */,
				659A39FC26E2D3D9001C61C0 /* ProfileViewController.swift in Sources */,
				659A39EE26E2D33F001C61C0 /* TabBarViewController.swift in Sources */,
				659A3A0826E2D456001C61C0 /* HapticsManager.swift in Sources */,
				659A3AE526EFF057001C61C0 /* PlaylistHeaderCollectionReusableView.swift in Sources */,
				659A3A0C26E2D47F001C61C0 /* AudioTrack.swift in Sources */,
				659A3A1626E6B585001C61C0 /* AuthResponse.swift in Sources */,
				659A39BC26E2CEB8001C61C0 /* HomeViewController.swift in Sources */,
				659A3AD426EC14FC001C61C0 /* ActionLabelView.swift in Sources */,
				659A39F626E2D399001C61C0 /* AuthViewController.swift in Sources */,
				659A3A1226E2D523001C61C0 /* SearchViewController.swift in Sources */,
				659A3AE726EFF0EA001C61C0 /* PlaylistDetailsResponse.swift in Sources */,
				659A3ADA26EFCD98001C61C0 /* RecommendedTrackCellViewModel.swift in Sources */,
				659A3AE126EFEEE3001C61C0 /* PlayerControlsView.swift in Sources */,
				659A39B826E2CEB8001C61C0 /* AppDelegate.swift in Sources */,
				659A39F226E2D377001C61C0 /* LibraryViewController.swift in Sources */,
				659A3A1426E2E284001C61C0 /* Extensions.swift in Sources */,
				659A3A0026E2D401001C61C0 /* PlaylistViewController.swift in Sources */,
				659A3AE326EFEF9F001C61C0 /* PlaylistHeaderViewViewModel.swift in Sources */,
				659A3A0E26E2D488001C61C0 /* UserProfile.swift in Sources */,
				659A3AD826EC22AD001C61C0 /* SearchResultSubtitleTableViewCellViewModel.swift in Sources */,
				659A39BA26E2CEB8001C61C0 /* SceneDelegate.swift in Sources */,
				659A39FE26E2D3F2001C61C0 /* PlayerViewController.swift in Sources */,
				659A3ADF26EFD44C001C61C0 /* PlaybackPresenter.swift in Sources */,
				659A3AD626EC20F1001C61C0 /* SearchResultSubtitleTableViewCell.swift in Sources */,
				659A3A0626E2D449001C61C0 /* APICaller.swift in Sources */,
				659A3A1026E2D495001C61C0 /* Artist.swift in Sources */,
				659A3AD226EBE5A2001C61C0 /* LibraryPlaylistsResponse.swift in Sources */,
				659A3ADC26EFCDF5001C61C0 /* NewReleasesResponse.swift in Sources */,
				659A3AD026EBE53F001C61C0 /* FeaturedPlaylistsResponse.swift in Sources */,
				659A39FA26E2D3D0001C61C0 /* SettingsViewController.swift in Sources */,
			);
			runOnlyForDeploymentPostprocessing = 0;
		};
		659A39C626E2CEBB001C61C0 /* Sources */ = {
			isa = PBXSourcesBuildPhase;
			buildActionMask = 2147483647;
			files = (
				659A39CF26E2CEBB001C61C0 /* SpotifyTests.swift in Sources */,
			);
			runOnlyForDeploymentPostprocessing = 0;
		};
		659A39D126E2CEBB001C61C0 /* Sources */ = {
			isa = PBXSourcesBuildPhase;
			buildActionMask = 2147483647;
			files = (
				659A39DA26E2CEBB001C61C0 /* SpotifyUITests.swift in Sources */,
			);
			runOnlyForDeploymentPostprocessing = 0;
		};
/* End PBXSourcesBuildPhase section */

/* Begin PBXTargetDependency section */
		659A39CC26E2CEBB001C61C0 /* PBXTargetDependency */ = {
			isa = PBXTargetDependency;
			target = 659A39B326E2CEB8001C61C0 /* Spotify */;
			targetProxy = 659A39CB26E2CEBB001C61C0 /* PBXContainerItemProxy */;
		};
		659A39D726E2CEBB001C61C0 /* PBXTargetDependency */ = {
			isa = PBXTargetDependency;
			target = 659A39B326E2CEB8001C61C0 /* Spotify */;
			targetProxy = 659A39D626E2CEBB001C61C0 /* PBXContainerItemProxy */;
		};
/* End PBXTargetDependency section */

/* Begin PBXVariantGroup section */
		659A39C226E2CEBB001C61C0 /* LaunchScreen.storyboard */ = {
			isa = PBXVariantGroup;
			children = (
				659A39C326E2CEBB001C61C0 /* Base */,
			);
			name = LaunchScreen.storyboard;
			sourceTree = "<group>";
		};
/* End PBXVariantGroup section */

/* Begin XCBuildConfiguration section */
		659A39DC26E2CEBB001C61C0 /* Debug */ = {
			isa = XCBuildConfiguration;
			buildSettings = {
				ALWAYS_SEARCH_USER_PATHS = NO;
				CLANG_ANALYZER_NONNULL = YES;
				CLANG_ANALYZER_NUMBER_OBJECT_CONVERSION = YES_AGGRESSIVE;
				CLANG_CXX_LANGUAGE_STANDARD = "gnu++14";
				CLANG_CXX_LIBRARY = "libc++";
				CLANG_ENABLE_MODULES = YES;
				CLANG_ENABLE_OBJC_ARC = YES;
				CLANG_ENABLE_OBJC_WEAK = YES;
				CLANG_WARN_BLOCK_CAPTURE_AUTORELEASING = YES;
				CLANG_WARN_BOOL_CONVERSION = YES;
				CLANG_WARN_COMMA = YES;
				CLANG_WARN_CONSTANT_CONVERSION = YES;
				CLANG_WARN_DEPRECATED_OBJC_IMPLEMENTATIONS = YES;
				CLANG_WARN_DIRECT_OBJC_ISA_USAGE = YES_ERROR;
				CLANG_WARN_DOCUMENTATION_COMMENTS = YES;
				CLANG_WARN_EMPTY_BODY = YES;
				CLANG_WARN_ENUM_CONVERSION = YES;
				CLANG_WARN_INFINITE_RECURSION = YES;
				CLANG_WARN_INT_CONVERSION = YES;
				CLANG_WARN_NON_LITERAL_NULL_CONVERSION = YES;
				CLANG_WARN_OBJC_IMPLICIT_RETAIN_SELF = YES;
				CLANG_WARN_OBJC_LITERAL_CONVERSION = YES;
				CLANG_WARN_OBJC_ROOT_CLASS = YES_ERROR;
				CLANG_WARN_QUOTED_INCLUDE_IN_FRAMEWORK_HEADER = YES;
				CLANG_WARN_RANGE_LOOP_ANALYSIS = YES;
				CLANG_WARN_STRICT_PROTOTYPES = YES;
				CLANG_WARN_SUSPICIOUS_MOVE = YES;
				CLANG_WARN_UNGUARDED_AVAILABILITY = YES_AGGRESSIVE;
				CLANG_WARN_UNREACHABLE_CODE = YES;
				CLANG_WARN__DUPLICATE_METHOD_MATCH = YES;
				COPY_PHASE_STRIP = NO;
				DEBUG_INFORMATION_FORMAT = dwarf;
				ENABLE_STRICT_OBJC_MSGSEND = YES;
				ENABLE_TESTABILITY = YES;
				GCC_C_LANGUAGE_STANDARD = gnu11;
				GCC_DYNAMIC_NO_PIC = NO;
				GCC_NO_COMMON_BLOCKS = YES;
				GCC_OPTIMIZATION_LEVEL = 0;
				GCC_PREPROCESSOR_DEFINITIONS = (
					"DEBUG=1",
					"$(inherited)",
				);
				GCC_WARN_64_TO_32_BIT_CONVERSION = YES;
				GCC_WARN_ABOUT_RETURN_TYPE = YES_ERROR;
				GCC_WARN_UNDECLARED_SELECTOR = YES;
				GCC_WARN_UNINITIALIZED_AUTOS = YES_AGGRESSIVE;
				GCC_WARN_UNUSED_FUNCTION = YES;
				GCC_WARN_UNUSED_VARIABLE = YES;
				IPHONEOS_DEPLOYMENT_TARGET = 14.5;
				MTL_ENABLE_DEBUG_INFO = INCLUDE_SOURCE;
				MTL_FAST_MATH = YES;
				ONLY_ACTIVE_ARCH = YES;
				SDKROOT = iphoneos;
				SWIFT_ACTIVE_COMPILATION_CONDITIONS = DEBUG;
				SWIFT_OPTIMIZATION_LEVEL = "-Onone";
			};
			name = Debug;
		};
		659A39DD26E2CEBB001C61C0 /* Release */ = {
			isa = XCBuildConfiguration;
			buildSettings = {
				ALWAYS_SEARCH_USER_PATHS = NO;
				CLANG_ANALYZER_NONNULL = YES;
				CLANG_ANALYZER_NUMBER_OBJECT_CONVERSION = YES_AGGRESSIVE;
				CLANG_CXX_LANGUAGE_STANDARD = "gnu++14";
				CLANG_CXX_LIBRARY = "libc++";
				CLANG_ENABLE_MODULES = YES;
				CLANG_ENABLE_OBJC_ARC = YES;
				CLANG_ENABLE_OBJC_WEAK = YES;
				CLANG_WARN_BLOCK_CAPTURE_AUTORELEASING = YES;
				CLANG_WARN_BOOL_CONVERSION = YES;
				CLANG_WARN_COMMA = YES;
				CLANG_WARN_CONSTANT_CONVERSION = YES;
				CLANG_WARN_DEPRECATED_OBJC_IMPLEMENTATIONS = YES;
				CLANG_WARN_DIRECT_OBJC_ISA_USAGE = YES_ERROR;
				CLANG_WARN_DOCUMENTATION_COMMENTS = YES;
				CLANG_WARN_EMPTY_BODY = YES;
				CLANG_WARN_ENUM_CONVERSION = YES;
				CLANG_WARN_INFINITE_RECURSION = YES;
				CLANG_WARN_INT_CONVERSION = YES;
				CLANG_WARN_NON_LITERAL_NULL_CONVERSION = YES;
				CLANG_WARN_OBJC_IMPLICIT_RETAIN_SELF = YES;
				CLANG_WARN_OBJC_LITERAL_CONVERSION = YES;
				CLANG_WARN_OBJC_ROOT_CLASS = YES_ERROR;
				CLANG_WARN_QUOTED_INCLUDE_IN_FRAMEWORK_HEADER = YES;
				CLANG_WARN_RANGE_LOOP_ANALYSIS = YES;
				CLANG_WARN_STRICT_PROTOTYPES = YES;
				CLANG_WARN_SUSPICIOUS_MOVE = YES;
				CLANG_WARN_UNGUARDED_AVAILABILITY = YES_AGGRESSIVE;
				CLANG_WARN_UNREACHABLE_CODE = YES;
				CLANG_WARN__DUPLICATE_METHOD_MATCH = YES;
				COPY_PHASE_STRIP = NO;
				DEBUG_INFORMATION_FORMAT = "dwarf-with-dsym";
				ENABLE_NS_ASSERTIONS = NO;
				ENABLE_STRICT_OBJC_MSGSEND = YES;
				GCC_C_LANGUAGE_STANDARD = gnu11;
				GCC_NO_COMMON_BLOCKS = YES;
				GCC_WARN_64_TO_32_BIT_CONVERSION = YES;
				GCC_WARN_ABOUT_RETURN_TYPE = YES_ERROR;
				GCC_WARN_UNDECLARED_SELECTOR = YES;
				GCC_WARN_UNINITIALIZED_AUTOS = YES_AGGRESSIVE;
				GCC_WARN_UNUSED_FUNCTION = YES;
				GCC_WARN_UNUSED_VARIABLE = YES;
				IPHONEOS_DEPLOYMENT_TARGET = 14.5;
				MTL_ENABLE_DEBUG_INFO = NO;
				MTL_FAST_MATH = YES;
				SDKROOT = iphoneos;
				SWIFT_COMPILATION_MODE = wholemodule;
				SWIFT_OPTIMIZATION_LEVEL = "-O";
				VALIDATE_PRODUCT = YES;
			};
			name = Release;
		};
		659A39DF26E2CEBB001C61C0 /* Debug */ = {
			isa = XCBuildConfiguration;
			baseConfigurationReference = B97113A2EFC47BCDAECE698E /* Pods-Spotify.debug.xcconfig */;
			buildSettings = {
				ASSETCATALOG_COMPILER_APPICON_NAME = AppIcon;
				ASSETCATALOG_COMPILER_GLOBAL_ACCENT_COLOR_NAME = AccentColor;
				CODE_SIGN_STYLE = Automatic;
				DEVELOPMENT_TEAM = UN5T64NMH3;
				INFOPLIST_FILE = Spotify/Info.plist;
				LD_RUNPATH_SEARCH_PATHS = (
					"$(inherited)",
					"@executable_path/Frameworks",
				);
				PRODUCT_BUNDLE_IDENTIFIER = ios.cercacor.Spotify;
				PRODUCT_NAME = "$(TARGET_NAME)";
				SWIFT_VERSION = 5.0;
				TARGETED_DEVICE_FAMILY = "1,2";
			};
			name = Debug;
		};
		659A39E026E2CEBB001C61C0 /* Release */ = {
			isa = XCBuildConfiguration;
			baseConfigurationReference = A938DD259EE4B0A166685FDC /* Pods-Spotify.release.xcconfig */;
			buildSettings = {
				ASSETCATALOG_COMPILER_APPICON_NAME = AppIcon;
				ASSETCATALOG_COMPILER_GLOBAL_ACCENT_COLOR_NAME = AccentColor;
				CODE_SIGN_STYLE = Automatic;
				DEVELOPMENT_TEAM = UN5T64NMH3;
				INFOPLIST_FILE = Spotify/Info.plist;
				LD_RUNPATH_SEARCH_PATHS = (
					"$(inherited)",
					"@executable_path/Frameworks",
				);
				PRODUCT_BUNDLE_IDENTIFIER = ios.cercacor.Spotify;
				PRODUCT_NAME = "$(TARGET_NAME)";
				SWIFT_VERSION = 5.0;
				TARGETED_DEVICE_FAMILY = "1,2";
			};
			name = Release;
		};
		659A39E226E2CEBB001C61C0 /* Debug */ = {
			isa = XCBuildConfiguration;
			baseConfigurationReference = AC4E4A8A11BA3E1C746162EB /* Pods-SpotifyTests.debug.xcconfig */;
			buildSettings = {
				ALWAYS_EMBED_SWIFT_STANDARD_LIBRARIES = YES;
				BUNDLE_LOADER = "$(TEST_HOST)";
				CODE_SIGN_STYLE = Automatic;
				DEVELOPMENT_TEAM = UN5T64NMH3;
				INFOPLIST_FILE = SpotifyTests/Info.plist;
				IPHONEOS_DEPLOYMENT_TARGET = 14.5;
				LD_RUNPATH_SEARCH_PATHS = (
					"$(inherited)",
					"@executable_path/Frameworks",
					"@loader_path/Frameworks",
				);
				PRODUCT_BUNDLE_IDENTIFIER = ios.cercacor.SpotifyTests;
				PRODUCT_NAME = "$(TARGET_NAME)";
				SWIFT_VERSION = 5.0;
				TARGETED_DEVICE_FAMILY = "1,2";
				TEST_HOST = "$(BUILT_PRODUCTS_DIR)/Spotify.app/Spotify";
			};
			name = Debug;
		};
		659A39E326E2CEBB001C61C0 /* Release */ = {
			isa = XCBuildConfiguration;
			baseConfigurationReference = D82AA9D902586EAC82CA6E2A /* Pods-SpotifyTests.release.xcconfig */;
			buildSettings = {
				ALWAYS_EMBED_SWIFT_STANDARD_LIBRARIES = YES;
				BUNDLE_LOADER = "$(TEST_HOST)";
				CODE_SIGN_STYLE = Automatic;
				DEVELOPMENT_TEAM = UN5T64NMH3;
				INFOPLIST_FILE = SpotifyTests/Info.plist;
				IPHONEOS_DEPLOYMENT_TARGET = 14.5;
				LD_RUNPATH_SEARCH_PATHS = (
					"$(inherited)",
					"@executable_path/Frameworks",
					"@loader_path/Frameworks",
				);
				PRODUCT_BUNDLE_IDENTIFIER = ios.cercacor.SpotifyTests;
				PRODUCT_NAME = "$(TARGET_NAME)";
				SWIFT_VERSION = 5.0;
				TARGETED_DEVICE_FAMILY = "1,2";
				TEST_HOST = "$(BUILT_PRODUCTS_DIR)/Spotify.app/Spotify";
			};
			name = Release;
		};
		659A39E526E2CEBB001C61C0 /* Debug */ = {
			isa = XCBuildConfiguration;
			baseConfigurationReference = 4214CBB80EEA8DB1DDFCC0E5 /* Pods-Spotify-SpotifyUITests.debug.xcconfig */;
			buildSettings = {
				ALWAYS_EMBED_SWIFT_STANDARD_LIBRARIES = YES;
				CODE_SIGN_STYLE = Automatic;
				DEVELOPMENT_TEAM = UN5T64NMH3;
				INFOPLIST_FILE = SpotifyUITests/Info.plist;
				LD_RUNPATH_SEARCH_PATHS = (
					"$(inherited)",
					"@executable_path/Frameworks",
					"@loader_path/Frameworks",
				);
				PRODUCT_BUNDLE_IDENTIFIER = ios.cercacor.SpotifyUITests;
				PRODUCT_NAME = "$(TARGET_NAME)";
				SWIFT_VERSION = 5.0;
				TARGETED_DEVICE_FAMILY = "1,2";
				TEST_TARGET_NAME = Spotify;
			};
			name = Debug;
		};
		659A39E626E2CEBB001C61C0 /* Release */ = {
			isa = XCBuildConfiguration;
			baseConfigurationReference = 6A1742C2346EB7024C7D5082 /* Pods-Spotify-SpotifyUITests.release.xcconfig */;
			buildSettings = {
				ALWAYS_EMBED_SWIFT_STANDARD_LIBRARIES = YES;
				CODE_SIGN_STYLE = Automatic;
				DEVELOPMENT_TEAM = UN5T64NMH3;
				INFOPLIST_FILE = SpotifyUITests/Info.plist;
				LD_RUNPATH_SEARCH_PATHS = (
					"$(inherited)",
					"@executable_path/Frameworks",
					"@loader_path/Frameworks",
				);
				PRODUCT_BUNDLE_IDENTIFIER = ios.cercacor.SpotifyUITests;
				PRODUCT_NAME = "$(TARGET_NAME)";
				SWIFT_VERSION = 5.0;
				TARGETED_DEVICE_FAMILY = "1,2";
				TEST_TARGET_NAME = Spotify;
			};
			name = Release;
		};
/* End XCBuildConfiguration section */

/* Begin XCConfigurationList section */
		659A39AF26E2CEB8001C61C0 /* Build configuration list for PBXProject "Spotify" */ = {
			isa = XCConfigurationList;
			buildConfigurations = (
				659A39DC26E2CEBB001C61C0 /* Debug */,
				659A39DD26E2CEBB001C61C0 /* Release */,
			);
			defaultConfigurationIsVisible = 0;
			defaultConfigurationName = Release;
		};
		659A39DE26E2CEBB001C61C0 /* Build configuration list for PBXNativeTarget "Spotify" */ = {
			isa = XCConfigurationList;
			buildConfigurations = (
				659A39DF26E2CEBB001C61C0 /* Debug */,
				659A39E026E2CEBB001C61C0 /* Release */,
			);
			defaultConfigurationIsVisible = 0;
			defaultConfigurationName = Release;
		};
		659A39E126E2CEBB001C61C0 /* Build configuration list for PBXNativeTarget "SpotifyTests" */ = {
			isa = XCConfigurationList;
			buildConfigurations = (
				659A39E226E2CEBB001C61C0 /* Debug */,
				659A39E326E2CEBB001C61C0 /* Release */,
			);
			defaultConfigurationIsVisible = 0;
			defaultConfigurationName = Release;
		};
		659A39E426E2CEBB001C61C0 /* Build configuration list for PBXNativeTarget "SpotifyUITests" */ = {
			isa = XCConfigurationList;
			buildConfigurations = (
				659A39E526E2CEBB001C61C0 /* Debug */,
				659A39E626E2CEBB001C61C0 /* Release */,
			);
			defaultConfigurationIsVisible = 0;
			defaultConfigurationName = Release;
		};
/* End XCConfigurationList section */
	};
	rootObject = 659A39AC26E2CEB8001C61C0 /* Project object */;
}
